
Microsoft Visual Studio Solution File, Format Version 12.00
# Visual Studio 15
VisualStudioVersion = 15.0.28307.902
MinimumVisualStudioVersion = 10.0.40219.1
Project("{FAE04EC0-301F-11D3-BF4B-00C04F79EFBC}") = "Resume", "Resume\Resume.csproj", "{CF668FCD-121A-4AAB-9083-E9B452BCC60A}"
EndProject
Global
	GlobalSection(SolutionConfigurationPlatforms) = preSolution
		Debug|Any CPU = Debug|Any CPU
		Release|Any CPU = Release|Any CPU
	EndGlobalSection
	GlobalSection(ProjectConfigurationPlatforms) = postSolution
		{CF668FCD-121A-4AAB-9083-E9B452BCC60A}.Debug|Any CPU.ActiveCfg = Debug|Any CPU
		{CF668FCD-121A-4AAB-9083-E9B452BCC60A}.Debug|Any CPU.Build.0 = Debug|Any CPU
		{CF668FCD-121A-4AAB-9083-E9B452BCC60A}.Release|Any CPU.ActiveCfg = Release|Any CPU
		{CF668FCD-121A-4AAB-9083-E9B452BCC60A}.Release|Any CPU.Build.0 = Release|Any CPU
	EndGlobalSection
	GlobalSection(SolutionProperties) = preSolution
		HideSolutionNode = FALSE
	EndGlobalSection
	GlobalSection(ExtensibilityGlobals) = postSolution
		SolutionGuid = {260947BB-A34A-4E7F-AE46-15552228E935}
	EndGlobalSection
EndGlobal
